// !$*UTF8*$!
{
	archiveVersion = 1;
	classes = {
	};
	objectVersion = 77;
	objects = {

/* Begin PBXBuildFile section */
		11A7D2ED2E43AD580097399C /* AppKit.framework in Frameworks */ = {isa = PBXBuildFile; fileRef = 11A7D2EC2E43AD580097399C /* AppKit.framework */; };
/* End PBXBuildFile section */

/* Begin PBXContainerItemProxy section */
		1158FD5D2E4397EC00D15218 /* PBXContainerItemProxy */ = {
			isa = PBXContainerItemProxy;
			containerPortal = 1158FD462E4397EB00D15218 /* Project object */;
			proxyType = 1;
			remoteGlobalIDString = 1158FD4D2E4397EB00D15218;
			remoteInfo = AccentPaper;
		};
		1158FD672E4397EC00D15218 /* PBXContainerItemProxy */ = {
			isa = PBXContainerItemProxy;
			containerPortal = 1158FD462E4397EB00D15218 /* Project object */;
			proxyType = 1;
			remoteGlobalIDString = 1158FD4D2E4397EB00D15218;
			remoteInfo = AccentPaper;
		};
/* End PBXContainerItemProxy section */

/* Begin PBXFileReference section */
		1158FD4E2E4397EB00D15218 /* AccentPaper.app */ = {isa = PBXFileReference; explicitFileType = wrapper.application; includeInIndex = 0; path = AccentPaper.app; sourceTree = BUILT_PRODUCTS_DIR; };
		1158FD5C2E4397EC00D15218 /* AccentPaperTests.xctest */ = {isa = PBXFileReference; explicitFileType = wrapper.cfbundle; includeInIndex = 0; path = AccentPaperTests.xctest; sourceTree = BUILT_PRODUCTS_DIR; };
		1158FD662E4397EC00D15218 /* AccentPaperUITests.xctest */ = {isa = PBXFileReference; explicitFileType = wrapper.cfbundle; includeInIndex = 0; path = AccentPaperUITests.xctest; sourceTree = BUILT_PRODUCTS_DIR; };
		11A7D2DE2E43A4130097399C /* UserActivity.framework */ = {isa = PBXFileReference; lastKnownFileType = wrapper.framework; name = UserActivity.framework; path = ../../../../../../System/Library/PrivateFrameworks/UserActivity.framework; sourceTree = "<group>"; };
		11A7D2EC2E43AD580097399C /* AppKit.framework */ = {isa = PBXFileReference; lastKnownFileType = wrapper.framework; name = AppKit.framework; path = System/Library/Frameworks/AppKit.framework; sourceTree = SDKROOT; };
		11A7D2EE2E43AD660097399C /* Foundation.framework */ = {isa = PBXFileReference; lastKnownFileType = wrapper.framework; name = Foundation.framework; path = System/Library/Frameworks/Foundation.framework; sourceTree = SDKROOT; };
/* End PBXFileReference section */

/* Begin PBXFileSystemSynchronizedRootGroup section */
		1158FD502E4397EB00D15218 /* AccentPaper */ = {
			isa = PBXFileSystemSynchronizedRootGroup;
			path = AccentPaper;
			sourceTree = "<group>";
		};
		1158FD5F2E4397EC00D15218 /* AccentPaperTests */ = {
			isa = PBXFileSystemSynchronizedRootGroup;
			path = AccentPaperTests;
			sourceTree = "<group>";
		};
		1158FD692E4397EC00D15218 /* AccentPaperUITests */ = {
			isa = PBXFileSystemSynchronizedRootGroup;
			path = AccentPaperUITests;
			sourceTree = "<group>";
		};
/* End PBXFileSystemSynchronizedRootGroup section */

/* Begin PBXFrameworksBuildPhase section */
		1158FD4B2E4397EB00D15218 /* Frameworks */ = {
			isa = PBXFrameworksBuildPhase;
			buildActionMask = 2147483647;
			files = (
				11A7D2ED2E43AD580097399C /* AppKit.framework in Frameworks */,
			);
			runOnlyForDeploymentPostprocessing = 0;
		};
		1158FD592E4397EC00D15218 /* Frameworks */ = {
			isa = PBXFrameworksBuildPhase;
			buildActionMask = 2147483647;
			files = (
			);
			runOnlyForDeploymentPostprocessing = 0;
		};
		1158FD632E4397EC00D15218 /* Frameworks */ = {
			isa = PBXFrameworksBuildPhase;
			buildActionMask = 2147483647;
			files = (
			);
			runOnlyForDeploymentPostprocessing = 0;
		};
/* End PBXFrameworksBuildPhase section */

/* Begin PBXGroup section */
		1158FD452E4397EB00D15218 = {
			isa = PBXGroup;
			children = (
				1158FD502E4397EB00D15218 /* AccentPaper */,
				1158FD5F2E4397EC00D15218 /* AccentPaperTests */,
				1158FD692E4397EC00D15218 /* AccentPaperUITests */,
				11A7D2DD2E43A4130097399C /* Frameworks */,
				1158FD4F2E4397EB00D15218 /* Products */,
			);
			sourceTree = "<group>";
		};
		1158FD4F2E4397EB00D15218 /* Products */ = {
			isa = PBXGroup;
			children = (
				1158FD4E2E4397EB00D15218 /* AccentPaper.app */,
				1158FD5C2E4397EC00D15218 /* AccentPaperTests.xctest */,
				1158FD662E4397EC00D15218 /* AccentPaperUITests.xctest */,
			);
			name = Products;
			sourceTree = "<group>";
		};
		11A7D2DD2E43A4130097399C /* Frameworks */ = {
			isa = PBXGroup;
			children = (
				11A7D2EE2E43AD660097399C /* Foundation.framework */,
				11A7D2EC2E43AD580097399C /* AppKit.framework */,
				11A7D2DE2E43A4130097399C /* UserActivity.framework */,
			);
			name = Frameworks;
			sourceTree = "<group>";
		};
/* End PBXGroup section */

/* Begin PBXNativeTarget section */
		1158FD4D2E4397EB00D15218 /* AccentPaper */ = {
			isa = PBXNativeTarget;
			buildConfigurationList = 1158FD702E4397EC00D15218 /* Build configuration list for PBXNativeTarget "AccentPaper" */;
			buildPhases = (
				1158FD4A2E4397EB00D15218 /* Sources */,
				1158FD4B2E4397EB00D15218 /* Frameworks */,
				1158FD4C2E4397EB00D15218 /* Resources */,
			);
			buildRules = (
			);
			dependencies = (
			);
			fileSystemSynchronizedGroups = (
				1158FD502E4397EB00D15218 /* AccentPaper */,
			);
			name = AccentPaper;
			packageProductDependencies = (
			);
			productName = AccentPaper;
			productReference = 1158FD4E2E4397EB00D15218 /* AccentPaper.app */;
			productType = "com.apple.product-type.application";
		};
		1158FD5B2E4397EC00D15218 /* AccentPaperTests */ = {
			isa = PBXNativeTarget;
			buildConfigurationList = 1158FD732E4397EC00D15218 /* Build configuration list for PBXNativeTarget "AccentPaperTests" */;
			buildPhases = (
				1158FD582E4397EC00D15218 /* Sources */,
				1158FD592E4397EC00D15218 /* Frameworks */,
				1158FD5A2E4397EC00D15218 /* Resources */,
			);
			buildRules = (
			);
			dependencies = (
				1158FD5E2E4397EC00D15218 /* PBXTargetDependency */,
			);
			fileSystemSynchronizedGroups = (
				1158FD5F2E4397EC00D15218 /* AccentPaperTests */,
			);
			name = AccentPaperTests;
			packageProductDependencies = (
			);
			productName = AccentPaperTests;
			productReference = 1158FD5C2E4397EC00D15218 /* AccentPaperTests.xctest */;
			productType = "com.apple.product-type.bundle.unit-test";
		};
		1158FD652E4397EC00D15218 /* AccentPaperUITests */ = {
			isa = PBXNativeTarget;
			buildConfigurationList = 1158FD762E4397EC00D15218 /* Build configuration list for PBXNativeTarget "AccentPaperUITests" */;
			buildPhases = (
				1158FD622E4397EC00D15218 /* Sources */,
				1158FD632E4397EC00D15218 /* Frameworks */,
				1158FD642E4397EC00D15218 /* Resources */,
			);
			buildRules = (
			);
			dependencies = (
				1158FD682E4397EC00D15218 /* PBXTargetDependency */,
			);
			fileSystemSynchronizedGroups = (
				1158FD692E4397EC00D15218 /* AccentPaperUITests */,
			);
			name = AccentPaperUITests;
			packageProductDependencies = (
			);
			productName = AccentPaperUITests;
			productReference = 1158FD662E4397EC00D15218 /* AccentPaperUITests.xctest */;
			productType = "com.apple.product-type.bundle.ui-testing";
		};
/* End PBXNativeTarget section */

/* Begin PBXProject section */
		1158FD462E4397EB00D15218 /* Project object */ = {
			isa = PBXProject;
			attributes = {
				BuildIndependentTargetsInParallel = 1;
				LastSwiftUpdateCheck = 1640;
				LastUpgradeCheck = 1640;
				TargetAttributes = {
					1158FD4D2E4397EB00D15218 = {
						CreatedOnToolsVersion = 16.4;
						LastSwiftMigration = 1640;
					};
					1158FD5B2E4397EC00D15218 = {
						CreatedOnToolsVersion = 16.4;
						TestTargetID = 1158FD4D2E4397EB00D15218;
					};
					1158FD652E4397EC00D15218 = {
						CreatedOnToolsVersion = 16.4;
						TestTargetID = 1158FD4D2E4397EB00D15218;
					};
				};
			};
			buildConfigurationList = 1158FD492E4397EB00D15218 /* Build configuration list for PBXProject "AccentPaper" */;
			developmentRegion = en;
			hasScannedForEncodings = 0;
			knownRegions = (
				en,
				Base,
			);
			mainGroup = 1158FD452E4397EB00D15218;
			minimizedProjectReferenceProxies = 1;
			preferredProjectObjectVersion = 77;
			productRefGroup = 1158FD4F2E4397EB00D15218 /* Products */;
			projectDirPath = "";
			projectRoot = "";
			targets = (
				1158FD4D2E4397EB00D15218 /* AccentPaper */,
				1158FD5B2E4397EC00D15218 /* AccentPaperTests */,
				1158FD652E4397EC00D15218 /* AccentPaperUITests */,
			);
		};
/* End PBXProject section */

/* Begin PBXResourcesBuildPhase section */
		1158FD4C2E4397EB00D15218 /* Resources */ = {
			isa = PBXResourcesBuildPhase;
			buildActionMask = 2147483647;
			files = (
			);
			runOnlyForDeploymentPostprocessing = 0;
		};
		1158FD5A2E4397EC00D15218 /* Resources */ = {
			isa = PBXResourcesBuildPhase;
			buildActionMask = 2147483647;
			files = (
			);
			runOnlyForDeploymentPostprocessing = 0;
		};
		1158FD642E4397EC00D15218 /* Resources */ = {
			isa = PBXResourcesBuildPhase;
			buildActionMask = 2147483647;
			files = (
			);
			runOnlyForDeploymentPostprocessing = 0;
		};
/* End PBXResourcesBuildPhase section */

/* Begin PBXSourcesBuildPhase section */
		1158FD4A2E4397EB00D15218 /* Sources */ = {
			isa = PBXSourcesBuildPhase;
			buildActionMask = 2147483647;
			files = (
			);
			runOnlyForDeploymentPostprocessing = 0;
		};
		1158FD582E4397EC00D15218 /* Sources */ = {
			isa = PBXSourcesBuildPhase;
			buildActionMask = 2147483647;
			files = (
			);
			runOnlyForDeploymentPostprocessing = 0;
		};
		1158FD622E4397EC00D15218 /* Sources */ = {
			isa = PBXSourcesBuildPhase;
			buildActionMask = 2147483647;
			files = (
			);
			runOnlyForDeploymentPostprocessing = 0;
		};
/* End PBXSourcesBuildPhase section */

/* Begin PBXTargetDependency section */
		1158FD5E2E4397EC00D15218 /* PBXTargetDependency */ = {
			isa = PBXTargetDependency;
			target = 1158FD4D2E4397EB00D15218 /* AccentPaper */;
			targetProxy = 1158FD5D2E4397EC00D15218 /* PBXContainerItemProxy */;
		};
		1158FD682E4397EC00D15218 /* PBXTargetDependency */ = {
			isa = PBXTargetDependency;
			target = 1158FD4D2E4397EB00D15218 /* AccentPaper */;
			targetProxy = 1158FD672E4397EC00D15218 /* PBXContainerItemProxy */;
		};
/* End PBXTargetDependency section */

/* Begin XCBuildConfiguration section */
		1158FD6E2E4397EC00D15218 /* Debug */ = {
			isa = XCBuildConfiguration;
			buildSettings = {
				ALWAYS_SEARCH_USER_PATHS = NO;
				ASSETCATALOG_COMPILER_GENERATE_SWIFT_ASSET_SYMBOL_EXTENSIONS = YES;
				CLANG_ANALYZER_NONNULL = YES;
				CLANG_ANALYZER_NUMBER_OBJECT_CONVERSION = YES_AGGRESSIVE;
				CLANG_CXX_LANGUAGE_STANDARD = "gnu++20";
				CLANG_ENABLE_MODULES = YES;
				CLANG_ENABLE_OBJC_ARC = YES;
				CLANG_ENABLE_OBJC_WEAK = YES;
				CLANG_WARN_BLOCK_CAPTURE_AUTORELEASING = YES;
				CLANG_WARN_BOOL_CONVERSION = YES;
				CLANG_WARN_COMMA = YES;
				CLANG_WARN_CONSTANT_CONVERSION = YES;
				CLANG_WARN_DEPRECATED_OBJC_IMPLEMENTATIONS = YES;
				CLANG_WARN_DIRECT_OBJC_ISA_USAGE = YES_ERROR;
				CLANG_WARN_DOCUMENTATION_COMMENTS = YES;
				CLANG_WARN_EMPTY_BODY = YES;
				CLANG_WARN_ENUM_CONVERSION = YES;
				CLANG_WARN_INFINITE_RECURSION = YES;
				CLANG_WARN_INT_CONVERSION = YES;
				CLANG_WARN_NON_LITERAL_NULL_CONVERSION = YES;
				CLANG_WARN_OBJC_IMPLICIT_RETAIN_SELF = YES;
				CLANG_WARN_OBJC_LITERAL_CONVERSION = YES;
				CLANG_WARN_OBJC_ROOT_CLASS = YES_ERROR;
				CLANG_WARN_QUOTED_INCLUDE_IN_FRAMEWORK_HEADER = YES;
				CLANG_WARN_RANGE_LOOP_ANALYSIS = YES;
				CLANG_WARN_STRICT_PROTOTYPES = YES;
				CLANG_WARN_SUSPICIOUS_MOVE = YES;
				CLANG_WARN_UNGUARDED_AVAILABILITY = YES_AGGRESSIVE;
				CLANG_WARN_UNREACHABLE_CODE = YES;
				CLANG_WARN__DUPLICATE_METHOD_MATCH = YES;
				COPY_PHASE_STRIP = NO;
				DEBUG_INFORMATION_FORMAT = dwarf;
				DEVELOPMENT_TEAM = 7MDXAWN329;
				ENABLE_STRICT_OBJC_MSGSEND = YES;
				ENABLE_TESTABILITY = YES;
				ENABLE_USER_SCRIPT_SANDBOXING = YES;
				GCC_C_LANGUAGE_STANDARD = gnu17;
				GCC_DYNAMIC_NO_PIC = NO;
				GCC_NO_COMMON_BLOCKS = YES;
				GCC_OPTIMIZATION_LEVEL = 0;
				GCC_PREPROCESSOR_DEFINITIONS = (
					"DEBUG=1",
					"$(inherited)",
				);
				GCC_WARN_64_TO_32_BIT_CONVERSION = YES;
				GCC_WARN_ABOUT_RETURN_TYPE = YES_ERROR;
				GCC_WARN_UNDECLARED_SELECTOR = YES;
				GCC_WARN_UNINITIALIZED_AUTOS = YES_AGGRESSIVE;
				GCC_WARN_UNUSED_FUNCTION = YES;
				GCC_WARN_UNUSED_VARIABLE = YES;
				LOCALIZATION_PREFERS_STRING_CATALOGS = YES;
				MACOSX_DEPLOYMENT_TARGET = 15.5;
				MTL_ENABLE_DEBUG_INFO = INCLUDE_SOURCE;
				MTL_FAST_MATH = YES;
				ONLY_ACTIVE_ARCH = YES;
				SDKROOT = macosx;
				SWIFT_ACTIVE_COMPILATION_CONDITIONS = "DEBUG $(inherited)";
				SWIFT_OPTIMIZATION_LEVEL = "-Onone";
			};
			name = Debug;
		};
		1158FD6F2E4397EC00D15218 /* Release */ = {
			isa = XCBuildConfiguration;
			buildSettings = {
				ALWAYS_SEARCH_USER_PATHS = NO;
				ASSETCATALOG_COMPILER_GENERATE_SWIFT_ASSET_SYMBOL_EXTENSIONS = YES;
				CLANG_ANALYZER_NONNULL = YES;
				CLANG_ANALYZER_NUMBER_OBJECT_CONVERSION = YES_AGGRESSIVE;
				CLANG_CXX_LANGUAGE_STANDARD = "gnu++20";
				CLANG_ENABLE_MODULES = YES;
				CLANG_ENABLE_OBJC_ARC = YES;
				CLANG_ENABLE_OBJC_WEAK = YES;
				CLANG_WARN_BLOCK_CAPTURE_AUTORELEASING = YES;
				CLANG_WARN_BOOL_CONVERSION = YES;
				CLANG_WARN_COMMA = YES;
				CLANG_WARN_CONSTANT_CONVERSION = YES;
				CLANG_WARN_DEPRECATED_OBJC_IMPLEMENTATIONS = YES;
				CLANG_WARN_DIRECT_OBJC_ISA_USAGE = YES_ERROR;
				CLANG_WARN_DOCUMENTATION_COMMENTS = YES;
				CLANG_WARN_EMPTY_BODY = YES;
				CLANG_WARN_ENUM_CONVERSION = YES;
				CLANG_WARN_INFINITE_RECURSION = YES;
				CLANG_WARN_INT_CONVERSION = YES;
				CLANG_WARN_NON_LITERAL_NULL_CONVERSION = YES;
				CLANG_WARN_OBJC_IMPLICIT_RETAIN_SELF = YES;
				CLANG_WARN_OBJC_LITERAL_CONVERSION = YES;
				CLANG_WARN_OBJC_ROOT_CLASS = YES_ERROR;
				CLANG_WARN_QUOTED_INCLUDE_IN_FRAMEWORK_HEADER = YES;
				CLANG_WARN_RANGE_LOOP_ANALYSIS = YES;
				CLANG_WARN_STRICT_PROTOTYPES = YES;
				CLANG_WARN_SUSPICIOUS_MOVE = YES;
				CLANG_WARN_UNGUARDED_AVAILABILITY = YES_AGGRESSIVE;
				CLANG_WARN_UNREACHABLE_CODE = YES;
				CLANG_WARN__DUPLICATE_METHOD_MATCH = YES;
				COPY_PHASE_STRIP = NO;
				DEBUG_INFORMATION_FORMAT = "dwarf-with-dsym";
				DEVELOPMENT_TEAM = 7MDXAWN329;
				ENABLE_NS_ASSERTIONS = NO;
				ENABLE_STRICT_OBJC_MSGSEND = YES;
				ENABLE_USER_SCRIPT_SANDBOXING = YES;
				GCC_C_LANGUAGE_STANDARD = gnu17;
				GCC_NO_COMMON_BLOCKS = YES;
				GCC_WARN_64_TO_32_BIT_CONVERSION = YES;
				GCC_WARN_ABOUT_RETURN_TYPE = YES_ERROR;
				GCC_WARN_UNDECLARED_SELECTOR = YES;
				GCC_WARN_UNINITIALIZED_AUTOS = YES_AGGRESSIVE;
				GCC_WARN_UNUSED_FUNCTION = YES;
				GCC_WARN_UNUSED_VARIABLE = YES;
				LOCALIZATION_PREFERS_STRING_CATALOGS = YES;
				MACOSX_DEPLOYMENT_TARGET = 15.5;
				MTL_ENABLE_DEBUG_INFO = NO;
				MTL_FAST_MATH = YES;
				SDKROOT = macosx;
				SWIFT_COMPILATION_MODE = wholemodule;
			};
			name = Release;
		};
		1158FD712E4397EC00D15218 /* Debug */ = {
			isa = XCBuildConfiguration;
			buildSettings = {
				ASSETCATALOG_COMPILER_APPICON_NAME = AppIcon;
				ASSETCATALOG_COMPILER_GLOBAL_ACCENT_COLOR_NAME = AccentColor;
				CLANG_ENABLE_MODULES = YES;
				CODE_SIGN_ENTITLEMENTS = AccentPaper/AccentPaper.entitlements;
				CODE_SIGN_STYLE = Automatic;
				COMBINE_HIDPI_IMAGES = YES;
				CURRENT_PROJECT_VERSION = 1;
				DEFINES_MODULE = YES;
				DEVELOPMENT_TEAM = 7MDXAWN329;
				ENABLE_HARDENED_RUNTIME = YES;
				ENABLE_PREVIEWS = YES;
				GENERATE_INFOPLIST_FILE = YES;
				INFOPLIST_KEY_LSUIElement = YES;
				INFOPLIST_KEY_NSHumanReadableCopyright = "";
				LD_RUNPATH_SEARCH_PATHS = (
					"$(inherited)",
					"@executable_path/../Frameworks",
				);
				MARKETING_VERSION = 1.0;
				PRODUCT_BUNDLE_IDENTIFIER = se.spamix.AccentPaper;
				PRODUCT_NAME = "$(TARGET_NAME)";
				REGISTER_APP_GROUPS = YES;
				SWIFT_EMIT_LOC_STRINGS = YES;
				SWIFT_OBJC_BRIDGING_HEADER = "AccentPaper/AccentPaper-Bridging-Header.h";
				SWIFT_OPTIMIZATION_LEVEL = "-Onone";
				SWIFT_VERSION = 5.0;
				SYSTEM_FRAMEWORK_SEARCH_PATHS = (
					"$(inherited)",
					"$(SYSTEM_LIBRARY_DIR)/PrivateFrameworks",
				);
			};
			name = Debug;
		};
		1158FD722E4397EC00D15218 /* Release */ = {
			isa = XCBuildConfiguration;
			buildSettings = {
				ASSETCATALOG_COMPILER_APPICON_NAME = AppIcon;
				ASSETCATALOG_COMPILER_GLOBAL_ACCENT_COLOR_NAME = AccentColor;
				CLANG_ENABLE_MODULES = YES;
				CODE_SIGN_ENTITLEMENTS = AccentPaper/AccentPaper.entitlements;
				CODE_SIGN_STYLE = Automatic;
				COMBINE_HIDPI_IMAGES = YES;
				CURRENT_PROJECT_VERSION = 1;
				DEFINES_MODULE = YES;
				DEVELOPMENT_TEAM = 7MDXAWN329;
				ENABLE_HARDENED_RUNTIME = YES;
				ENABLE_PREVIEWS = YES;
				GENERATE_INFOPLIST_FILE = YES;
				INFOPLIST_KEY_LSUIElement = YES;
				INFOPLIST_KEY_NSHumanReadableCopyright = "";
				LD_RUNPATH_SEARCH_PATHS = (
					"$(inherited)",
					"@executable_path/../Frameworks",
				);
				MARKETING_VERSION = 1.0;
				PRODUCT_BUNDLE_IDENTIFIER = se.spamix.AccentPaper;
				PRODUCT_NAME = "$(TARGET_NAME)";
				REGISTER_APP_GROUPS = YES;
				SWIFT_EMIT_LOC_STRINGS = YES;
				SWIFT_OBJC_BRIDGING_HEADER = "AccentPaper/AccentPaper-Bridging-Header.h";
				SWIFT_VERSION = 5.0;
				SYSTEM_FRAMEWORK_SEARCH_PATHS = (
					"$(inherited)",
					"$(SYSTEM_LIBRARY_DIR)/PrivateFrameworks",
				);
			};
			name = Release;
		};
		1158FD742E4397EC00D15218 /* Debug */ = {
			isa = XCBuildConfiguration;
			buildSettings = {
				BUNDLE_LOADER = "$(TEST_HOST)";
				CODE_SIGN_STYLE = Automatic;
				CURRENT_PROJECT_VERSION = 1;
				DEVELOPMENT_TEAM = 7MDXAWN329;
				GENERATE_INFOPLIST_FILE = YES;
				MACOSX_DEPLOYMENT_TARGET = 15.5;
				MARKETING_VERSION = 1.0;
				PRODUCT_BUNDLE_IDENTIFIER = se.spamix.AccentPaperTests;
				PRODUCT_NAME = "$(TARGET_NAME)";
				SWIFT_EMIT_LOC_STRINGS = NO;
				SWIFT_VERSION = 5.0;
				TEST_HOST = "$(BUILT_PRODUCTS_DIR)/AccentPaper.app/$(BUNDLE_EXECUTABLE_FOLDER_PATH)/AccentPaper";
			};
			name = Debug;
		};
		1158FD752E4397EC00D15218 /* Release */ = {
			isa = XCBuildConfiguration;
			buildSettings = {
				BUNDLE_LOADER = "$(TEST_HOST)";
				CODE_SIGN_STYLE = Automatic;
				CURRENT_PROJECT_VERSION = 1;
				DEVELOPMENT_TEAM = 7MDXAWN329;
				GENERATE_INFOPLIST_FILE = YES;
				MACOSX_DEPLOYMENT_TARGET = 15.5;
				MARKETING_VERSION = 1.0;
				PRODUCT_BUNDLE_IDENTIFIER = se.spamix.AccentPaperTests;
				PRODUCT_NAME = "$(TARGET_NAME)";
				SWIFT_EMIT_LOC_STRINGS = NO;
				SWIFT_VERSION = 5.0;
				TEST_HOST = "$(BUILT_PRODUCTS_DIR)/AccentPaper.app/$(BUNDLE_EXECUTABLE_FOLDER_PATH)/AccentPaper";
			};
			name = Release;
		};
		1158FD772E4397EC00D15218 /* Debug */ = {
			isa = XCBuildConfiguration;
			buildSettings = {
				CODE_SIGN_STYLE = Automatic;
				CURRENT_PROJECT_VERSION = 1;
				DEVELOPMENT_TEAM = 7MDXAWN329;
				GENERATE_INFOPLIST_FILE = YES;
				MARKETING_VERSION = 1.0;
				PRODUCT_BUNDLE_IDENTIFIER = se.spamix.AccentPaperUITests;
				PRODUCT_NAME = "$(TARGET_NAME)";
				SWIFT_EMIT_LOC_STRINGS = NO;
				SWIFT_VERSION = 5.0;
				TEST_TARGET_NAME = AccentPaper;
			};
			name = Debug;
		};
		1158FD782E4397EC00D15218 /* Release */ = {
			isa = XCBuildConfiguration;
			buildSettings = {
				CODE_SIGN_STYLE = Automatic;
				CURRENT_PROJECT_VERSION = 1;
				DEVELOPMENT_TEAM = 7MDXAWN329;
				GENERATE_INFOPLIST_FILE = YES;
				MARKETING_VERSION = 1.0;
				PRODUCT_BUNDLE_IDENTIFIER = se.spamix.AccentPaperUITests;
				PRODUCT_NAME = "$(TARGET_NAME)";
				SWIFT_EMIT_LOC_STRINGS = NO;
				SWIFT_VERSION = 5.0;
				TEST_TARGET_NAME = AccentPaper;
			};
			name = Release;
		};
/* End XCBuildConfiguration section */

/* Begin XCConfigurationList section */
		1158FD492E4397EB00D15218 /* Build configuration list for PBXProject "AccentPaper" */ = {
			isa = XCConfigurationList;
			buildConfigurations = (
				1158FD6E2E4397EC00D15218 /* Debug */,
				1158FD6F2E4397EC00D15218 /* Release */,
			);
			defaultConfigurationIsVisible = 0;
			defaultConfigurationName = Release;
		};
		1158FD702E4397EC00D15218 /* Build configuration list for PBXNativeTarget "AccentPaper" */ = {
			isa = XCConfigurationList;
			buildConfigurations = (
				1158FD712E4397EC00D15218 /* Debug */,
				1158FD722E4397EC00D15218 /* Release */,
			);
			defaultConfigurationIsVisible = 0;
			defaultConfigurationName = Release;
		};
		1158FD732E4397EC00D15218 /* Build configuration list for PBXNativeTarget "AccentPaperTests" */ = {
			isa = XCConfigurationList;
			buildConfigurations = (
				1158FD742E4397EC00D15218 /* Debug */,
				1158FD752E4397EC00D15218 /* Release */,
			);
			defaultConfigurationIsVisible = 0;
			defaultConfigurationName = Release;
		};
		1158FD762E4397EC00D15218 /* Build configuration list for PBXNativeTarget "AccentPaperUITests" */ = {
			isa = XCConfigurationList;
			buildConfigurations = (
				1158FD772E4397EC00D15218 /* Debug */,
				1158FD782E4397EC00D15218 /* Release */,
			);
			defaultConfigurationIsVisible = 0;
			defaultConfigurationName = Release;
		};
/* End XCConfigurationList section */
	};
	rootObject = 1158FD462E4397EB00D15218 /* Project object */;
}
